// !$*UTF8*$!
{
	archiveVersion = 1;
	classes = {
	};
	objectVersion = 48;
	objects = {

/* Begin PBXBuildFile section */
		D49B9CBB2039033E00E48765 /* WeatherView.swift in Sources */ = {isa = PBXBuildFile; fileRef = D49B9CBA2039033E00E48765 /* WeatherView.swift */; };
		D4B4CD2F2035F965005A818D /* AppDelegate.swift in Sources */ = {isa = PBXBuildFile; fileRef = D4B4CD2E2035F965005A818D /* AppDelegate.swift */; };
		D4B4CD312035F965005A818D /* Assets.xcassets in Resources */ = {isa = PBXBuildFile; fileRef = D4B4CD302035F965005A818D /* Assets.xcassets */; };
		D4B4CD342035F965005A818D /* MainMenu.xib in Resources */ = {isa = PBXBuildFile; fileRef = D4B4CD322035F965005A818D /* MainMenu.xib */; };
		D4B4CD3D2035FD8D005A818D /* StatusMenuController.swift in Sources */ = {isa = PBXBuildFile; fileRef = D4B4CD3C2035FD8D005A818D /* StatusMenuController.swift */; };
		D4B4CD3F20360017005A818D /* WeatherAPI.swift in Sources */ = {isa = PBXBuildFile; fileRef = D4B4CD3E20360017005A818D /* WeatherAPI.swift */; };
/* End PBXBuildFile section */

/* Begin PBXFileReference section */
		D49B9CBA2039033E00E48765 /* WeatherView.swift */ = {isa = PBXFileReference; lastKnownFileType = sourcecode.swift; path = WeatherView.swift; sourceTree = "<group>"; };
		D4B4CD2B2035F965005A818D /* MenuWeather.app */ = {isa = PBXFileReference; explicitFileType = wrapper.application; includeInIndex = 0; path = MenuWeather.app; sourceTree = BUILT_PRODUCTS_DIR; };
		D4B4CD2E2035F965005A818D /* AppDelegate.swift */ = {isa = PBXFileReference; lastKnownFileType = sourcecode.swift; path = AppDelegate.swift; sourceTree = "<group>"; };
		D4B4CD302035F965005A818D /* Assets.xcassets */ = {isa = PBXFileReference; lastKnownFileType = folder.assetcatalog; path = Assets.xcassets; sourceTree = "<group>"; };
		D4B4CD332035F965005A818D /* Base */ = {isa = PBXFileReference; lastKnownFileType = file.xib; name = Base; path = Base.lproj/MainMenu.xib; sourceTree = "<group>"; };
		D4B4CD352035F965005A818D /* Info.plist */ = {isa = PBXFileReference; lastKnownFileType = text.plist.xml; path = Info.plist; sourceTree = "<group>"; };
		D4B4CD362035F965005A818D /* MenuWeather.entitlements */ = {isa = PBXFileReference; lastKnownFileType = text.plist.entitlements; path = MenuWeather.entitlements; sourceTree = "<group>"; };
		D4B4CD3C2035FD8D005A818D /* StatusMenuController.swift */ = {isa = PBXFileReference; lastKnownFileType = sourcecode.swift; path = StatusMenuController.swift; sourceTree = "<group>"; };
		D4B4CD3E20360017005A818D /* WeatherAPI.swift */ = {isa = PBXFileReference; lastKnownFileType = sourcecode.swift; path = WeatherAPI.swift; sourceTree = "<group>"; };
/* End PBXFileReference section */

/* Begin PBXFrameworksBuildPhase section */
		D4B4CD282035F964005A818D /* Frameworks */ = {
			isa = PBXFrameworksBuildPhase;
			buildActionMask = 2147483647;
			files = (
			);
			runOnlyForDeploymentPostprocessing = 0;
		};
/* End PBXFrameworksBuildPhase section */

/* Begin PBXGroup section */
		D4B4CD222035F964005A818D = {
			isa = PBXGroup;
			children = (
				D4B4CD2D2035F965005A818D /* MenuWeather */,
				D4B4CD2C2035F965005A818D /* Products */,
			);
			sourceTree = "<group>";
		};
		D4B4CD2C2035F965005A818D /* Products */ = {
			isa = PBXGroup;
			children = (
				D4B4CD2B2035F965005A818D /* MenuWeather.app */,
			);
			name = Products;
			sourceTree = "<group>";
		};
		D4B4CD2D2035F965005A818D /* MenuWeather */ = {
			isa = PBXGroup;
			children = (
				D4B4CD2E2035F965005A818D /* AppDelegate.swift */,
				D4B4CD3C2035FD8D005A818D /* StatusMenuController.swift */,
				D4B4CD302035F965005A818D /* Assets.xcassets */,
				D4B4CD322035F965005A818D /* MainMenu.xib */,
				D49B9CBA2039033E00E48765 /* WeatherView.swift */,
				D4B4CD3E20360017005A818D /* WeatherAPI.swift */,
				D4B4CD352035F965005A818D /* Info.plist */,
				D4B4CD362035F965005A818D /* MenuWeather.entitlements */,
			);
			path = MenuWeather;
			sourceTree = "<group>";
		};
/* End PBXGroup section */

/* Begin PBXNativeTarget section */
		D4B4CD2A2035F964005A818D /* MenuWeather */ = {
			isa = PBXNativeTarget;
			buildConfigurationList = D4B4CD392035F965005A818D /* Build configuration list for PBXNativeTarget "MenuWeather" */;
			buildPhases = (
				D4B4CD272035F964005A818D /* Sources */,
				D4B4CD282035F964005A818D /* Frameworks */,
				D4B4CD292035F964005A818D /* Resources */,
			);
			buildRules = (
			);
			dependencies = (
			);
			name = MenuWeather;
			productName = QuickWeather;
			productReference = D4B4CD2B2035F965005A818D /* MenuWeather.app */;
			productType = "com.apple.product-type.application";
		};
/* End PBXNativeTarget section */

/* Begin PBXProject section */
		D4B4CD232035F964005A818D /* Project object */ = {
			isa = PBXProject;
			attributes = {
				LastSwiftUpdateCheck = 0920;
				LastUpgradeCheck = 0920;
				ORGANIZATIONNAME = "Joey Scarim";
				TargetAttributes = {
					D4B4CD2A2035F964005A818D = {
						CreatedOnToolsVersion = 9.2;
						ProvisioningStyle = Automatic;
					};
				};
			};
			buildConfigurationList = D4B4CD262035F964005A818D /* Build configuration list for PBXProject "MenuWeather" */;
			compatibilityVersion = "Xcode 8.0";
			developmentRegion = en;
			hasScannedForEncodings = 0;
			knownRegions = (
				en,
				Base,
			);
			mainGroup = D4B4CD222035F964005A818D;
			productRefGroup = D4B4CD2C2035F965005A818D /* Products */;
			projectDirPath = "";
			projectRoot = "";
			targets = (
				D4B4CD2A2035F964005A818D /* MenuWeather */,
			);
		};
/* End PBXProject section */

/* Begin PBXResourcesBuildPhase section */
		D4B4CD292035F964005A818D /* Resources */ = {
			isa = PBXResourcesBuildPhase;
			buildActionMask = 2147483647;
			files = (
				D4B4CD312035F965005A818D /* Assets.xcassets in Resources */,
				D4B4CD342035F965005A818D /* MainMenu.xib in Resources */,
			);
			runOnlyForDeploymentPostprocessing = 0;
		};
/* End PBXResourcesBuildPhase section */

/* Begin PBXSourcesBuildPhase section */
		D4B4CD272035F964005A818D /* Sources */ = {
			isa = PBXSourcesBuildPhase;
			buildActionMask = 2147483647;
			files = (
				D4B4CD3F20360017005A818D /* WeatherAPI.swift in Sources */,
				D4B4CD3D2035FD8D005A818D /* StatusMenuController.swift in Sources */,
				D4B4CD2F2035F965005A818D /* AppDelegate.swift in Sources */,
				D49B9CBB2039033E00E48765 /* WeatherView.swift in Sources */,
			);
			runOnlyForDeploymentPostprocessing = 0;
		};
/* End PBXSourcesBuildPhase section */

/* Begin PBXVariantGroup section */
		D4B4CD322035F965005A818D /* MainMenu.xib */ = {
			isa = PBXVariantGroup;
			children = (
				D4B4CD332035F965005A818D /* Base */,
			);
			name = MainMenu.xib;
			sourceTree = "<group>";
		};
/* End PBXVariantGroup section */

/* Begin XCBuildConfiguration section */
		D4B4CD372035F965005A818D /* Debug */ = {
			isa = XCBuildConfiguration;
			buildSettings = {
				ALWAYS_SEARCH_USER_PATHS = NO;
				CLANG_ANALYZER_NONNULL = YES;
				CLANG_ANALYZER_NUMBER_OBJECT_CONVERSION = YES_AGGRESSIVE;
				CLANG_CXX_LANGUAGE_STANDARD = "gnu++14";
				CLANG_CXX_LIBRARY = "libc++";
				CLANG_ENABLE_MODULES = YES;
				CLANG_ENABLE_OBJC_ARC = YES;
				CLANG_WARN_BLOCK_CAPTURE_AUTORELEASING = YES;
				CLANG_WARN_BOOL_CONVERSION = YES;
				CLANG_WARN_COMMA = YES;
				CLANG_WARN_CONSTANT_CONVERSION = YES;
				CLANG_WARN_DIRECT_OBJC_ISA_USAGE = YES_ERROR;
				CLANG_WARN_DOCUMENTATION_COMMENTS = YES;
				CLANG_WARN_EMPTY_BODY = YES;
				CLANG_WARN_ENUM_CONVERSION = YES;
				CLANG_WARN_INFINITE_RECURSION = YES;
				CLANG_WARN_INT_CONVERSION = YES;
				CLANG_WARN_NON_LITERAL_NULL_CONVERSION = YES;
				CLANG_WARN_OBJC_LITERAL_CONVERSION = YES;
				CLANG_WARN_OBJC_ROOT_CLASS = YES_ERROR;
				CLANG_WARN_RANGE_LOOP_ANALYSIS = YES;
				CLANG_WARN_STRICT_PROTOTYPES = YES;
				CLANG_WARN_SUSPICIOUS_MOVE = YES;
				CLANG_WARN_UNGUARDED_AVAILABILITY = YES_AGGRESSIVE;
				CLANG_WARN_UNREACHABLE_CODE = YES;
				CLANG_WARN__DUPLICATE_METHOD_MATCH = YES;
				CODE_SIGN_IDENTITY = "Mac Developer";
				COPY_PHASE_STRIP = NO;
				DEBUG_INFORMATION_FORMAT = dwarf;
				ENABLE_STRICT_OBJC_MSGSEND = YES;
				ENABLE_TESTABILITY = YES;
				GCC_C_LANGUAGE_STANDARD = gnu11;
				GCC_DYNAMIC_NO_PIC = NO;
				GCC_NO_COMMON_BLOCKS = YES;
				GCC_OPTIMIZATION_LEVEL = 0;
				GCC_PREPROCESSOR_DEFINITIONS = (
					"DEBUG=1",
					"$(inherited)",
				);
				GCC_WARN_64_TO_32_BIT_CONVERSION = YES;
				GCC_WARN_ABOUT_RETURN_TYPE = YES_ERROR;
				GCC_WARN_UNDECLARED_SELECTOR = YES;
				GCC_WARN_UNINITIALIZED_AUTOS = YES_AGGRESSIVE;
				GCC_WARN_UNUSED_FUNCTION = YES;
				GCC_WARN_UNUSED_VARIABLE = YES;
				MACOSX_DEPLOYMENT_TARGET = 10.13;
				MTL_ENABLE_DEBUG_INFO = YES;
				ONLY_ACTIVE_ARCH = YES;
				SDKROOT = macosx;
				SWIFT_ACTIVE_COMPILATION_CONDITIONS = DEBUG;
				SWIFT_OPTIMIZATION_LEVEL = "-Onone";
			};
			name = Debug;
		};
		D4B4CD382035F965005A818D /* Release */ = {
			isa = XCBuildConfiguration;
			buildSettings = {
				ALWAYS_SEARCH_USER_PATHS = NO;
				CLANG_ANALYZER_NONNULL = YES;
				CLANG_ANALYZER_NUMBER_OBJECT_CONVERSION = YES_AGGRESSIVE;
				CLANG_CXX_LANGUAGE_STANDARD = "gnu++14";
				CLANG_CXX_LIBRARY = "libc++";
				CLANG_ENABLE_MODULES = YES;
				CLANG_ENABLE_OBJC_ARC = YES;
				CLANG_WARN_BLOCK_CAPTURE_AUTORELEASING = YES;
				CLANG_WARN_BOOL_CONVERSION = YES;
				CLANG_WARN_COMMA = YES;
				CLANG_WARN_CONSTANT_CONVERSION = YES;
				CLANG_WARN_DIRECT_OBJC_ISA_USAGE = YES_ERROR;
				CLANG_WARN_DOCUMENTATION_COMMENTS = YES;
				CLANG_WARN_EMPTY_BODY = YES;
				CLANG_WARN_ENUM_CONVERSION = YES;
				CLANG_WARN_INFINITE_RECURSION = YES;
				CLANG_WARN_INT_CONVERSION = YES;
				CLANG_WARN_NON_LITERAL_NULL_CONVERSION = YES;
				CLANG_WARN_OBJC_LITERAL_CONVERSION = YES;
				CLANG_WARN_OBJC_ROOT_CLASS = YES_ERROR;
				CLANG_WARN_RANGE_LOOP_ANALYSIS = YES;
				CLANG_WARN_STRICT_PROTOTYPES = YES;
				CLANG_WARN_SUSPICIOUS_MOVE = YES;
				CLANG_WARN_UNGUARDED_AVAILABILITY = YES_AGGRESSIVE;
				CLANG_WARN_UNREACHABLE_CODE = YES;
				CLANG_WARN__DUPLICATE_METHOD_MATCH = YES;
				CODE_SIGN_IDENTITY = "Mac Developer";
				COPY_PHASE_STRIP = NO;
				DEBUG_INFORMATION_FORMAT = "dwarf-with-dsym";
				ENABLE_NS_ASSERTIONS = NO;
				ENABLE_STRICT_OBJC_MSGSEND = YES;
				GCC_C_LANGUAGE_STANDARD = gnu11;
				GCC_NO_COMMON_BLOCKS = YES;
				GCC_WARN_64_TO_32_BIT_CONVERSION = YES;
				GCC_WARN_ABOUT_RETURN_TYPE = YES_ERROR;
				GCC_WARN_UNDECLARED_SELECTOR = YES;
				GCC_WARN_UNINITIALIZED_AUTOS = YES_AGGRESSIVE;
				GCC_WARN_UNUSED_FUNCTION = YES;
				GCC_WARN_UNUSED_VARIABLE = YES;
				MACOSX_DEPLOYMENT_TARGET = 10.13;
				MTL_ENABLE_DEBUG_INFO = NO;
				SDKROOT = macosx;
				SWIFT_OPTIMIZATION_LEVEL = "-Owholemodule";
			};
			name = Release;
		};
		D4B4CD3A2035F965005A818D /* Debug */ = {
			isa = XCBuildConfiguration;
			buildSettings = {
				ASSETCATALOG_COMPILER_APPICON_NAME = AppIcon;
				CODE_SIGN_ENTITLEMENTS = MenuWeather/MenuWeather.entitlements;
				CODE_SIGN_STYLE = Automatic;
				COMBINE_HIDPI_IMAGES = YES;
				DEVELOPMENT_TEAM = 83RL5B9CGL;
				INFOPLIST_FILE = MenuWeather/Info.plist;
				LD_RUNPATH_SEARCH_PATHS = "$(inherited) @executable_path/../Frameworks";
				PRODUCT_BUNDLE_IDENTIFIER = com.joeyscarim.MenuWeather;
				PRODUCT_NAME = "$(TARGET_NAME)";
				SWIFT_VERSION = 4.0;
			};
			name = Debug;
		};
		D4B4CD3B2035F965005A818D /* Release */ = {
			isa = XCBuildConfiguration;
			buildSettings = {
				ASSETCATALOG_COMPILER_APPICON_NAME = AppIcon;
				CODE_SIGN_ENTITLEMENTS = MenuWeather/MenuWeather.entitlements;
				CODE_SIGN_STYLE = Automatic;
				COMBINE_HIDPI_IMAGES = YES;
				DEVELOPMENT_TEAM = 83RL5B9CGL;
				INFOPLIST_FILE = MenuWeather/Info.plist;
				LD_RUNPATH_SEARCH_PATHS = "$(inherited) @executable_path/../Frameworks";
				PRODUCT_BUNDLE_IDENTIFIER = com.joeyscarim.MenuWeather;
				PRODUCT_NAME = "$(TARGET_NAME)";
				SWIFT_VERSION = 4.0;
			};
			name = Release;
		};
/* End XCBuildConfiguration section */

/* Begin XCConfigurationList section */
		D4B4CD262035F964005A818D /* Build configuration list for PBXProject "MenuWeather" */ = {
			isa = XCConfigurationList;
			buildConfigurations = (
				D4B4CD372035F965005A818D /* Debug */,
				D4B4CD382035F965005A818D /* Release */,
			);
			defaultConfigurationIsVisible = 0;
			defaultConfigurationName = Release;
		};
		D4B4CD392035F965005A818D /* Build configuration list for PBXNativeTarget "MenuWeather" */ = {
			isa = XCConfigurationList;
			buildConfigurations = (
				D4B4CD3A2035F965005A818D /* Debug */,
				D4B4CD3B2035F965005A818D /* Release */,
			);
			defaultConfigurationIsVisible = 0;
			defaultConfigurationName = Release;
		};
/* End XCConfigurationList section */
	};
	rootObject = D4B4CD232035F964005A818D /* Project object */;
}
